<?xml version="1.0" encoding="utf-8"?>
<Project ToolsVersion="4.0" xmlns="http://schemas.microsoft.com/developer/msbuild/2003">
  <ItemGroup>
    <Filter Include="Fichiers sources">
      <UniqueIdentifier>{4FC737F1-C7A5-4376-A066-2A32D752A2FF}</UniqueIdentifier>
      <Extensions>cpp;c;cc;cxx;c++;cppm;ixx;def;odl;idl;hpj;bat;asm;asmx</Extensions>
    </Filter>
    <Filter Include="Fichiers d%27en-tête">
      <UniqueIdentifier>{93995380-89BD-4b04-88EB-625FBE52EBFB}</UniqueIdentifier>
      <Extensions>h;hh;hpp;hxx;h++;hm;inl;inc;ipp;xsd</Extensions>
    </Filter>
    <Filter Include="Fichiers de ressources">
      <UniqueIdentifier>{67DA6AB6-F800-4c08-8B7A-83BB121AAD01}</UniqueIdentifier>
      <Extensions>rc;ico;cur;bmp;dlg;rc2;rct;bin;rgs;gif;jpg;jpeg;jpe;resx;tiff;tif;png;wav;mfcribbon-ms</Extensions>
    </Filter>
    <Filter Include="Fichiers d%27en-tête\Commands">
      <UniqueIdentifier>{091f858d-d110-490b-97e0-23c2095cf0cc}</UniqueIdentifier>
    </Filter>
    <Filter Include="Fichiers sources\Commands">
      <UniqueIdentifier>{e9799fd8-cbc7-49cf-bc3f-c88b9e9e1c46}</UniqueIdentifier>
    </Filter>
    <Filter Include="Fichiers d%27en-tête\RedLang">
      <UniqueIdentifier>{d7d44fb5-0363-47cb-838f-ac9468eb2f98}</UniqueIdentifier>
    </Filter>
    <Filter Include="Fichiers sources\RedLang">
      <UniqueIdentifier>{3420428c-cfa9-4056-be5f-490e06292141}</UniqueIdentifier>
    </Filter>
    <Filter Include="Fichiers d%27en-tête\Memories">
      <UniqueIdentifier>{d0f6581f-682d-4206-bc55-7d02f5386f5b}</UniqueIdentifier>
    </Filter>
    <Filter Include="Fichiers sources\Memories">
      <UniqueIdentifier>{cb2b256a-c0c7-4b45-b0d3-8e2392e8f8fe}</UniqueIdentifier>
    </Filter>
    <Filter Include="Fichiers d%27en-tête\RedLang\Exceptions">
      <UniqueIdentifier>{50d33702-f790-4e53-8ea9-f5c3d97ed0c4}</UniqueIdentifier>
    </Filter>
    <Filter Include="Fichiers d%27en-tête\RedLang\Number">
      <UniqueIdentifier>{01ff3489-d3c9-4a31-b79d-a01152f1cdf9}</UniqueIdentifier>
    </Filter>
    <Filter Include="Fichiers sources\RedLang\Number">
      <UniqueIdentifier>{b6e2e4e6-dd08-422a-a7d6-ad04f5e4a09d}</UniqueIdentifier>
    </Filter>
    <Filter Include="Fichiers d%27en-tête\Files">
      <UniqueIdentifier>{93a050e2-09ea-4b1d-a87a-59d3281b11e5}</UniqueIdentifier>
    </Filter>
    <Filter Include="Fichiers sources\Files">
      <UniqueIdentifier>{4ba09b6d-7f40-453b-ab63-630415598f56}</UniqueIdentifier>
    </Filter>
  </ItemGroup>
  <ItemGroup>
    <ClCompile Include="Language.cpp">
      <Filter>Fichiers sources</Filter>
    </ClCompile>
    <ClCompile Include="Object.cpp">
      <Filter>Fichiers sources</Filter>
    </ClCompile>
    <ClCompile Include="myString.cpp">
      <Filter>Fichiers sources</Filter>
    </ClCompile>
    <ClCompile Include="Function.cpp">
      <Filter>Fichiers sources\Commands</Filter>
    </ClCompile>
    <ClCompile Include="Declaration.cpp">
      <Filter>Fichiers sources\Commands</Filter>
    </ClCompile>
    <ClCompile Include="Return.cpp">
      <Filter>Fichiers sources\Commands</Filter>
    </ClCompile>
    <ClCompile Include="RedLang.cpp">
      <Filter>Fichiers sources</Filter>
    </ClCompile>
    <ClCompile Include="ReplaceVar.cpp">
      <Filter>Fichiers sources\Commands</Filter>
    </ClCompile>
    <ClCompile Include="ReplaceVarInOb.cpp">
      <Filter>Fichiers sources\Commands</Filter>
    </ClCompile>
    <ClCompile Include="Command.cpp">
      <Filter>Fichiers sources</Filter>
    </ClCompile>
    <ClCompile Include="ReplaceStatVar.cpp">
      <Filter>Fichiers sources\Commands</Filter>
    </ClCompile>
    <ClCompile Include="String.cpp">
      <Filter>Fichiers sources\RedLang</Filter>
    </ClCompile>
    <ClCompile Include="If.cpp">
      <Filter>Fichiers sources\Commands</Filter>
    </ClCompile>
    <ClCompile Include="While.cpp">
      <Filter>Fichiers sources\Commands</Filter>
    </ClCompile>
    <ClCompile Include="Signature.cpp">
      <Filter>Fichiers sources</Filter>
    </ClCompile>
    <ClCompile Include="MemoryObject.cpp">
      <Filter>Fichiers sources\Memories</Filter>
    </ClCompile>
    <ClCompile Include="MemoryVar.cpp">
      <Filter>Fichiers sources\Memories</Filter>
    </ClCompile>
    <ClCompile Include="MemoryFunction.cpp">
      <Filter>Fichiers sources\Memories</Filter>
    </ClCompile>
    <ClCompile Include="MemoryVariable.cpp">
      <Filter>Fichiers sources\Memories</Filter>
    </ClCompile>
    <ClCompile Include="Try.cpp">
      <Filter>Fichiers sources</Filter>
    </ClCompile>
    <ClCompile Include="Global.cpp">
      <Filter>Fichiers sources</Filter>
    </ClCompile>
    <ClCompile Include="Integer.cpp">
      <Filter>Fichiers sources\RedLang\Number</Filter>
    </ClCompile>
    <ClCompile Include="Byte.cpp">
      <Filter>Fichiers sources\RedLang\Number</Filter>
    </ClCompile>
    <ClCompile Include="Short.cpp">
      <Filter>Fichiers sources\RedLang\Number</Filter>
    </ClCompile>
    <ClCompile Include="Long.cpp">
      <Filter>Fichiers sources\RedLang\Number</Filter>
    </ClCompile>
    <ClCompile Include="Float.cpp">
      <Filter>Fichiers sources\RedLang\Number</Filter>
    </ClCompile>
    <ClCompile Include="Double.cpp">
      <Filter>Fichiers sources\RedLang\Number</Filter>
    </ClCompile>
    <ClCompile Include="BreakPoint.cpp">
      <Filter>Fichiers sources\Commands</Filter>
    </ClCompile>
    <ClCompile Include="ObjectClass.cpp">
      <Filter>Fichiers sources\RedLang</Filter>
    </ClCompile>
    <ClCompile Include="MemoryStatVar.cpp">
      <Filter>Fichiers sources\Memories</Filter>
    </ClCompile>
    <ClCompile Include="Class.cpp">
      <Filter>Fichiers sources\Files</Filter>
    </ClCompile>
    <ClCompile Include="Interface.cpp">
      <Filter>Fichiers sources\Files</Filter>
    </ClCompile>
    <ClCompile Include="SourceFile.cpp">
      <Filter>Fichiers sources\Files</Filter>
    </ClCompile>
    <ClCompile Include="Generic.cpp">
      <Filter>Fichiers sources\Files</Filter>
    </ClCompile>
    <ClCompile Include="MemorySourceFile.cpp">
      <Filter>Fichiers sources\Memories</Filter>
    </ClCompile>
    <ClCompile Include="GarbageCollector.cpp">
      <Filter>Fichiers sources</Filter>
    </ClCompile>
  </ItemGroup>
  <ItemGroup>
    <ClInclude Include="Object.h">
      <Filter>Fichiers d%27en-tête</Filter>
    </ClInclude>
    <ClInclude Include="Command.h">
      <Filter>Fichiers d%27en-tête</Filter>
    </ClInclude>
    <ClInclude Include="myString.h">
      <Filter>Fichiers d%27en-tête</Filter>
    </ClInclude>
    <ClInclude Include="Function.h">
      <Filter>Fichiers d%27en-tête\Commands</Filter>
    </ClInclude>
    <ClInclude Include="Return.h">
      <Filter>Fichiers d%27en-tête\Commands</Filter>
    </ClInclude>
    <ClInclude Include="Declaration.h">
      <Filter>Fichiers d%27en-tête\Commands</Filter>
    </ClInclude>
    <ClInclude Include="RedLang.h">
      <Filter>Fichiers d%27en-tête</Filter>
    </ClInclude>
    <ClInclude Include="Char.h">
      <Filter>Fichiers d%27en-tête\RedLang</Filter>
    </ClInclude>
    <ClInclude Include="String.h">
      <Filter>Fichiers d%27en-tête\RedLang</Filter>
    </ClInclude>
    <ClInclude Include="System.h">
      <Filter>Fichiers d%27en-tête\RedLang</Filter>
    </ClInclude>
    <ClInclude Include="ObjectClass.h">
      <Filter>Fichiers d%27en-tête\RedLang</Filter>
    </ClInclude>
    <ClInclude Include="ReplaceVar.h">
      <Filter>Fichiers d%27en-tête\Commands</Filter>
    </ClInclude>
    <ClInclude Include="ReplaceVarInOb.h">
      <Filter>Fichiers d%27en-tête\Commands</Filter>
    </ClInclude>
    <ClInclude Include="ReplaceStatVar.h">
      <Filter>Fichiers d%27en-tête\Commands</Filter>
    </ClInclude>
    <ClInclude Include="Var.h">
      <Filter>Fichiers d%27en-tête</Filter>
    </ClInclude>
    <ClInclude Include="GetVar.h">
      <Filter>Fichiers d%27en-tête\Commands</Filter>
    </ClInclude>
    <ClInclude Include="Boolean.h">
      <Filter>Fichiers d%27en-tête\RedLang</Filter>
    </ClInclude>
    <ClInclude Include="If.h">
      <Filter>Fichiers d%27en-tête\Commands</Filter>
    </ClInclude>
    <ClInclude Include="While.h">
      <Filter>Fichiers d%27en-tête\Commands</Filter>
    </ClInclude>
    <ClInclude Include="Signature.h">
      <Filter>Fichiers d%27en-tête</Filter>
    </ClInclude>
    <ClInclude Include="MemoryObject.h">
      <Filter>Fichiers d%27en-tête\Memories</Filter>
    </ClInclude>
    <ClInclude Include="MemoryFunction.h">
      <Filter>Fichiers d%27en-tête\Memories</Filter>
    </ClInclude>
    <ClInclude Include="MemoryVar.h">
      <Filter>Fichiers d%27en-tête\Memories</Filter>
    </ClInclude>
    <ClInclude Include="MemoryVariable.h">
      <Filter>Fichiers d%27en-tête\Memories</Filter>
    </ClInclude>
    <ClInclude Include="Exception.h">
      <Filter>Fichiers d%27en-tête\RedLang</Filter>
    </ClInclude>
    <ClInclude Include="Try.h">
      <Filter>Fichiers d%27en-tête\Commands</Filter>
    </ClInclude>
    <ClInclude Include="CastException.h">
      <Filter>Fichiers d%27en-tête\RedLang\Exceptions</Filter>
    </ClInclude>
    <ClInclude Include="NullException.h">
      <Filter>Fichiers d%27en-tête\RedLang\Exceptions</Filter>
    </ClInclude>
    <ClInclude Include="Global.h">
      <Filter>Fichiers d%27en-tête</Filter>
    </ClInclude>
    <ClInclude Include="ClassClass.h">
      <Filter>Fichiers d%27en-tête\RedLang</Filter>
    </ClInclude>
    <ClInclude Include="Thread.h">
      <Filter>Fichiers d%27en-tête\RedLang</Filter>
    </ClInclude>
    <ClInclude Include="Lock.h">
      <Filter>Fichiers d%27en-tête\RedLang</Filter>
    </ClInclude>
    <ClInclude Include="FunctionClass.h">
      <Filter>Fichiers d%27en-tête\RedLang</Filter>
    </ClInclude>
    <ClInclude Include="Integer.h">
      <Filter>Fichiers d%27en-tête\RedLang\Number</Filter>
    </ClInclude>
    <ClInclude Include="Number.h">
      <Filter>Fichiers d%27en-tête\RedLang\Number</Filter>
    </ClInclude>
    <ClInclude Include="IllegalArgumentException.h">
      <Filter>Fichiers d%27en-tête\RedLang\Exceptions</Filter>
    </ClInclude>
    <ClInclude Include="Byte.h">
      <Filter>Fichiers d%27en-tête\RedLang\Number</Filter>
    </ClInclude>
    <ClInclude Include="Short.h">
      <Filter>Fichiers d%27en-tête\RedLang\Number</Filter>
    </ClInclude>
    <ClInclude Include="Long.h">
      <Filter>Fichiers d%27en-tête\RedLang\Number</Filter>
    </ClInclude>
    <ClInclude Include="Float.h">
      <Filter>Fichiers d%27en-tête\RedLang\Number</Filter>
    </ClInclude>
    <ClInclude Include="Double.h">
      <Filter>Fichiers d%27en-tête\RedLang\Number</Filter>
    </ClInclude>
    <ClInclude Include="BreakPoint.h">
      <Filter>Fichiers d%27en-tête\Commands</Filter>
    </ClInclude>
    <ClInclude Include="StatVar.h">
      <Filter>Fichiers d%27en-tête</Filter>
    </ClInclude>
    <ClInclude Include="MemoryStatVar.h">
      <Filter>Fichiers d%27en-tête\Memories</Filter>
    </ClInclude>
    <ClInclude Include="Class.h">
      <Filter>Fichiers d%27en-tête\Files</Filter>
    </ClInclude>
    <ClInclude Include="Interface.h">
      <Filter>Fichiers d%27en-tête\Files</Filter>
    </ClInclude>
    <ClInclude Include="SourceFile.h">
      <Filter>Fichiers d%27en-tête\Files</Filter>
    </ClInclude>
    <ClInclude Include="Generic.h">
      <Filter>Fichiers d%27en-tête\Files</Filter>
    </ClInclude>
    <ClInclude Include="MemorySourceFile.h">
      <Filter>Fichiers d%27en-tête\Memories</Filter>
    </ClInclude>
    <ClInclude Include="GarbageCollector.h">
      <Filter>Fichiers d%27en-tête</Filter>
    </ClInclude>
  </ItemGroup>
</Project>